
Microsoft Visual Studio Solution File, Format Version 12.00
# Visual Studio 15
VisualStudioVersion = 15.0.27130.2010
MinimumVisualStudioVersion = 10.0.40219.1
Project("{FAE04EC0-301F-11D3-BF4B-00C04F79EFBC}") = "Mubee", "Mubee\Mubee.csproj", "{6CC7BA4A-EF3B-4434-A90C-C1781D997B8F}"
EndProject
Global
	GlobalSection(SolutionConfigurationPlatforms) = preSolution
		Debug|Any CPU = Debug|Any CPU
		Release|Any CPU = Release|Any CPU
	EndGlobalSection
	GlobalSection(ProjectConfigurationPlatforms) = postSolution
		{6CC7BA4A-EF3B-4434-A90C-C1781D997B8F}.Debug|Any CPU.ActiveCfg = Debug|Any CPU
		{6CC7BA4A-EF3B-4434-A90C-C1781D997B8F}.Debug|Any CPU.Build.0 = Debug|Any CPU
		{6CC7BA4A-EF3B-4434-A90C-C1781D997B8F}.Release|Any CPU.ActiveCfg = Release|Any CPU
		{6CC7BA4A-EF3B-4434-A90C-C1781D997B8F}.Release|Any CPU.Build.0 = Release|Any CPU
	EndGlobalSection
	GlobalSection(SolutionProperties) = preSolution
		HideSolutionNode = FALSE
	EndGlobalSection
	GlobalSection(ExtensibilityGlobals) = postSolution
		SolutionGuid = {644E83BA-5928-46ED-A9E0-C0A13540F03A}
	EndGlobalSection
EndGlobal
